
Microsoft Visual Studio Solution File, Format Version 12.00
# Visual Studio Version 17
VisualStudioVersion = 17.5.33530.505
MinimumVisualStudioVersion = 10.0.40219.1
Project("{9A19103F-16F7-4668-BE54-9A1E7A4F7556}") = "MainProject", "MainProject.csproj", "{8864E362-9A63-403D-AB78-BF029469188E}"
EndProject
Project("{9A19103F-16F7-4668-BE54-9A1E7A4F7556}") = "MFCLibrary", "..\MFCLibrary\MFCLibrary.csproj", "{28AA603F-C6F0-49BA-AE47-1510446FC464}"
EndProject
Global
	GlobalSection(SolutionConfigurationPlatforms) = preSolution
		Debug|Any CPU = Debug|Any CPU
		Release|Any CPU = Release|Any CPU
	EndGlobalSection
	GlobalSection(ProjectConfigurationPlatforms) = postSolution
		{8864E362-9A63-403D-AB78-BF029469188E}.Debug|Any CPU.ActiveCfg = Debug|Any CPU
		{8864E362-9A63-403D-AB78-BF029469188E}.Debug|Any CPU.Build.0 = Debug|Any CPU
		{8864E362-9A63-403D-AB78-BF029469188E}.Release|Any CPU.ActiveCfg = Release|Any CPU
		{8864E362-9A63-403D-AB78-BF029469188E}.Release|Any CPU.Build.0 = Release|Any CPU
		{28AA603F-C6F0-49BA-AE47-1510446FC464}.Debug|Any CPU.ActiveCfg = Debug|Any CPU
		{28AA603F-C6F0-49BA-AE47-1510446FC464}.Debug|Any CPU.Build.0 = Debug|Any CPU
		{28AA603F-C6F0-49BA-AE47-1510446FC464}.Release|Any CPU.ActiveCfg = Release|Any CPU
		{28AA603F-C6F0-49BA-AE47-1510446FC464}.Release|Any CPU.Build.0 = Release|Any CPU
	EndGlobalSection
	GlobalSection(SolutionProperties) = preSolution
		HideSolutionNode = FALSE
	EndGlobalSection
	GlobalSection(ExtensibilityGlobals) = postSolution
		SolutionGuid = {67CA497A-401F-45D3-A6D6-BCD1D4755C09}
	EndGlobalSection
EndGlobal
